
Microsoft Visual Studio Solution File, Format Version 12.00
# Visual Studio Version 17
VisualStudioVersion = 17.14.36401.2
MinimumVisualStudioVersion = 10.0.40219.1
Project("{FAE04EC0-301F-11D3-BF4B-00C04F79EFBC}") = "SOLID-principles", "SOLID-principles\SOLID-principles.csproj", "{BD34B137-22C2-49F9-A963-A34BAE5C352F}"
EndProject
Project("{FAE04EC0-301F-11D3-BF4B-00C04F79EFBC}") = "UnitTestCalculator", "UnitTestCalculator\UnitTestCalculator.csproj", "{72CD75ED-D708-4B0E-A18F-9E9CBC2B877D}"
EndProject
Project("{FAE04EC0-301F-11D3-BF4B-00C04F79EFBC}") = "CalculatorAssignment", "CalculatorAssignment\CalculatorAssignment.csproj", "{EF820A6F-D14B-4DB6-A0A8-C468F196D5E1}"
EndProject
Project("{2150E333-8FDC-42A3-9474-1A3956D46DE8}") = "Programmering", "Programmering", "{02EA681E-C7D8-13C7-8484-4AC65E1B71E8}"
EndProject
Project("{2150E333-8FDC-42A3-9474-1A3956D46DE8}") = "Teknologi", "Teknologi", "{7B71BF4D-9826-4818-A9DB-B1CD422A87E0}"
EndProject
Project("{2150E333-8FDC-42A3-9474-1A3956D46DE8}") = "Networking", "Networking", "{734506EB-C00A-47DA-A128-75452972518A}"
EndProject
Project("{2150E333-8FDC-42A3-9474-1A3956D46DE8}") = "UnitTest", "UnitTest", "{37FAA305-ED06-4FD8-8EBF-058E392EE3F9}"
EndProject
Project("{FAE04EC0-301F-11D3-BF4B-00C04F79EFBC}") = "SocketProgrammingClient", "SocketProgrammingClient\SocketProgrammingClient.csproj", "{EEE05562-7183-4992-BEAA-0A40FFCE8D3A}"
EndProject
Project("{FAE04EC0-301F-11D3-BF4B-00C04F79EFBC}") = "SocketProgrammingServer", "SocketProgrammingServer\SocketProgrammingServer.csproj", "{7B137510-CBF0-4288-82E7-5DE0571F7CA5}"
EndProject
Project("{2150E333-8FDC-42A3-9474-1A3956D46DE8}") = "Moq", "Moq", "{EA8CDA4F-9E5A-40F2-A6CC-7CD094BC5DCB}"
EndProject
Project("{2150E333-8FDC-42A3-9474-1A3956D46DE8}") = "Dependency Injection", "Dependency Injection", "{70831387-58FE-4A21-B47B-B6C8E9C0F0F5}"
EndProject
Project("{FAE04EC0-301F-11D3-BF4B-00C04F79EFBC}") = "UnitTestMoqAssignment", "UnitTestMoqAssignment\UnitTestMoqAssignment.csproj", "{03B2DA9C-B41A-462B-B57C-DE559A28BEF3}"
EndProject
Project("{FAE04EC0-301F-11D3-BF4B-00C04F79EFBC}") = "InversionOfControlAssignment", "InversionOfControlAssignment\InversionOfControlAssignment.csproj", "{7ECE3C66-E414-448C-83FE-B1D670F1B01E}"
EndProject
Project("{2150E333-8FDC-42A3-9474-1A3956D46DE8}") = "Blazor", "Blazor", "{6A2320CC-EE5D-42CD-A575-9B20C8531AB8}"
EndProject
Project("{FAE04EC0-301F-11D3-BF4B-00C04F79EFBC}") = "EditFormsAndValidation", "EditFormsAndValidation\EditFormsAndValidation\EditFormsAndValidation.csproj", "{F854F176-8E81-4F00-A2EA-5D0DF595B562}"
EndProject
Project("{FAE04EC0-301F-11D3-BF4B-00C04F79EFBC}") = "EditFormsAndValidation.Client", "EditFormsAndValidation\EditFormsAndValidation.Client\EditFormsAndValidation.Client.csproj", "{A1CCACD1-C24B-4EC9-8845-BEA81DCF2B6D}"
EndProject
Project("{2150E333-8FDC-42A3-9474-1A3956D46DE8}") = "Andet", "Andet", "{A53611F9-D512-4AA2-B788-02391D7153FB}"
EndProject
Project("{2150E333-8FDC-42A3-9474-1A3956D46DE8}") = "PlakatProjekt", "PlakatProjekt", "{C74B81CB-D790-4A39-8E29-6798901F023A}"
EndProject
Project("{2150E333-8FDC-42A3-9474-1A3956D46DE8}") = "Opret", "Opret", "{9F9FB861-B3FC-42BD-8634-D9499BF89BE6}"
EndProject
Project("{FAE04EC0-301F-11D3-BF4B-00C04F79EFBC}") = "AddCustomerProject", "AddCustomerProject\AddCustomerProject.csproj", "{CE8A0AA7-97E1-4A37-B14E-0A5D4317AE8A}"
EndProject
Project("{2150E333-8FDC-42A3-9474-1A3956D46DE8}") = "EditFormsNValidation", "EditFormsNValidation", "{01FDC3CB-2F0B-4F3B-87C9-FC329121988C}"
EndProject
Project("{2150E333-8FDC-42A3-9474-1A3956D46DE8}") = "BlazorAssignments", "BlazorAssignments", "{ED007DB4-3C24-4190-9E21-6996A8FD1D39}"
EndProject
Project("{FAE04EC0-301F-11D3-BF4B-00C04F79EFBC}") = "moq examples", "..\..\..\Documents\3. Semester\Programmering\02 Moq\moq-examples-master\moq examples.csproj", "{9D08F117-FB50-E831-4ACA-FD7A463F1106}"
EndProject
Project("{FAE04EC0-301F-11D3-BF4B-00C04F79EFBC}") = "BlazorApp", "BlazorApp\BlazorApp.csproj", "{6B155342-EE97-4425-90B8-5B19BB74B16A}"
EndProject
Project("{2150E333-8FDC-42A3-9474-1A3956D46DE8}") = "Docker", "Docker", "{125CE732-94BB-4282-BF63-E22E8D42D1D1}"
EndProject
Project("{FAE04EC0-301F-11D3-BF4B-00C04F79EFBC}") = "WebApplicationDocker", "WebApplicationDocker\WebApplicationDocker.csproj", "{A72492F7-88BE-430B-97D5-4AADCB08AB75}"
EndProject
Global
	GlobalSection(SolutionConfigurationPlatforms) = preSolution
		Debug|Any CPU = Debug|Any CPU
		Release|Any CPU = Release|Any CPU
	EndGlobalSection
	GlobalSection(ProjectConfigurationPlatforms) = postSolution
		{BD34B137-22C2-49F9-A963-A34BAE5C352F}.Debug|Any CPU.ActiveCfg = Debug|Any CPU
		{BD34B137-22C2-49F9-A963-A34BAE5C352F}.Debug|Any CPU.Build.0 = Debug|Any CPU
		{BD34B137-22C2-49F9-A963-A34BAE5C352F}.Release|Any CPU.ActiveCfg = Release|Any CPU
		{BD34B137-22C2-49F9-A963-A34BAE5C352F}.Release|Any CPU.Build.0 = Release|Any CPU
		{72CD75ED-D708-4B0E-A18F-9E9CBC2B877D}.Debug|Any CPU.ActiveCfg = Debug|Any CPU
		{72CD75ED-D708-4B0E-A18F-9E9CBC2B877D}.Debug|Any CPU.Build.0 = Debug|Any CPU
		{72CD75ED-D708-4B0E-A18F-9E9CBC2B877D}.Release|Any CPU.ActiveCfg = Release|Any CPU
		{72CD75ED-D708-4B0E-A18F-9E9CBC2B877D}.Release|Any CPU.Build.0 = Release|Any CPU
		{EF820A6F-D14B-4DB6-A0A8-C468F196D5E1}.Debug|Any CPU.ActiveCfg = Debug|Any CPU
		{EF820A6F-D14B-4DB6-A0A8-C468F196D5E1}.Debug|Any CPU.Build.0 = Debug|Any CPU
		{EF820A6F-D14B-4DB6-A0A8-C468F196D5E1}.Release|Any CPU.ActiveCfg = Release|Any CPU
		{EF820A6F-D14B-4DB6-A0A8-C468F196D5E1}.Release|Any CPU.Build.0 = Release|Any CPU
		{EEE05562-7183-4992-BEAA-0A40FFCE8D3A}.Debug|Any CPU.ActiveCfg = Debug|Any CPU
		{EEE05562-7183-4992-BEAA-0A40FFCE8D3A}.Debug|Any CPU.Build.0 = Debug|Any CPU
		{EEE05562-7183-4992-BEAA-0A40FFCE8D3A}.Release|Any CPU.ActiveCfg = Release|Any CPU
		{EEE05562-7183-4992-BEAA-0A40FFCE8D3A}.Release|Any CPU.Build.0 = Release|Any CPU
		{7B137510-CBF0-4288-82E7-5DE0571F7CA5}.Debug|Any CPU.ActiveCfg = Debug|Any CPU
		{7B137510-CBF0-4288-82E7-5DE0571F7CA5}.Debug|Any CPU.Build.0 = Debug|Any CPU
		{7B137510-CBF0-4288-82E7-5DE0571F7CA5}.Release|Any CPU.ActiveCfg = Release|Any CPU
		{7B137510-CBF0-4288-82E7-5DE0571F7CA5}.Release|Any CPU.Build.0 = Release|Any CPU
		{03B2DA9C-B41A-462B-B57C-DE559A28BEF3}.Debug|Any CPU.ActiveCfg = Debug|Any CPU
		{03B2DA9C-B41A-462B-B57C-DE559A28BEF3}.Debug|Any CPU.Build.0 = Debug|Any CPU
		{03B2DA9C-B41A-462B-B57C-DE559A28BEF3}.Release|Any CPU.ActiveCfg = Release|Any CPU
		{03B2DA9C-B41A-462B-B57C-DE559A28BEF3}.Release|Any CPU.Build.0 = Release|Any CPU
		{7ECE3C66-E414-448C-83FE-B1D670F1B01E}.Debug|Any CPU.ActiveCfg = Debug|Any CPU
		{7ECE3C66-E414-448C-83FE-B1D670F1B01E}.Debug|Any CPU.Build.0 = Debug|Any CPU
		{7ECE3C66-E414-448C-83FE-B1D670F1B01E}.Release|Any CPU.ActiveCfg = Release|Any CPU
		{7ECE3C66-E414-448C-83FE-B1D670F1B01E}.Release|Any CPU.Build.0 = Release|Any CPU
		{F854F176-8E81-4F00-A2EA-5D0DF595B562}.Debug|Any CPU.ActiveCfg = Debug|Any CPU
		{F854F176-8E81-4F00-A2EA-5D0DF595B562}.Debug|Any CPU.Build.0 = Debug|Any CPU
		{F854F176-8E81-4F00-A2EA-5D0DF595B562}.Release|Any CPU.ActiveCfg = Release|Any CPU
		{F854F176-8E81-4F00-A2EA-5D0DF595B562}.Release|Any CPU.Build.0 = Release|Any CPU
		{A1CCACD1-C24B-4EC9-8845-BEA81DCF2B6D}.Debug|Any CPU.ActiveCfg = Debug|Any CPU
		{A1CCACD1-C24B-4EC9-8845-BEA81DCF2B6D}.Debug|Any CPU.Build.0 = Debug|Any CPU
		{A1CCACD1-C24B-4EC9-8845-BEA81DCF2B6D}.Release|Any CPU.ActiveCfg = Release|Any CPU
		{A1CCACD1-C24B-4EC9-8845-BEA81DCF2B6D}.Release|Any CPU.Build.0 = Release|Any CPU
		{CE8A0AA7-97E1-4A37-B14E-0A5D4317AE8A}.Debug|Any CPU.ActiveCfg = Debug|Any CPU
		{CE8A0AA7-97E1-4A37-B14E-0A5D4317AE8A}.Debug|Any CPU.Build.0 = Debug|Any CPU
		{CE8A0AA7-97E1-4A37-B14E-0A5D4317AE8A}.Release|Any CPU.ActiveCfg = Release|Any CPU
		{CE8A0AA7-97E1-4A37-B14E-0A5D4317AE8A}.Release|Any CPU.Build.0 = Release|Any CPU
		{9D08F117-FB50-E831-4ACA-FD7A463F1106}.Debug|Any CPU.ActiveCfg = Debug|Any CPU
		{9D08F117-FB50-E831-4ACA-FD7A463F1106}.Debug|Any CPU.Build.0 = Debug|Any CPU
		{9D08F117-FB50-E831-4ACA-FD7A463F1106}.Release|Any CPU.ActiveCfg = Release|Any CPU
		{9D08F117-FB50-E831-4ACA-FD7A463F1106}.Release|Any CPU.Build.0 = Release|Any CPU
		{6B155342-EE97-4425-90B8-5B19BB74B16A}.Debug|Any CPU.ActiveCfg = Debug|Any CPU
		{6B155342-EE97-4425-90B8-5B19BB74B16A}.Debug|Any CPU.Build.0 = Debug|Any CPU
		{6B155342-EE97-4425-90B8-5B19BB74B16A}.Release|Any CPU.ActiveCfg = Release|Any CPU
		{6B155342-EE97-4425-90B8-5B19BB74B16A}.Release|Any CPU.Build.0 = Release|Any CPU
		{A72492F7-88BE-430B-97D5-4AADCB08AB75}.Debug|Any CPU.ActiveCfg = Debug|Any CPU
		{A72492F7-88BE-430B-97D5-4AADCB08AB75}.Debug|Any CPU.Build.0 = Debug|Any CPU
		{A72492F7-88BE-430B-97D5-4AADCB08AB75}.Release|Any CPU.ActiveCfg = Release|Any CPU
		{A72492F7-88BE-430B-97D5-4AADCB08AB75}.Release|Any CPU.Build.0 = Release|Any CPU
	EndGlobalSection
	GlobalSection(SolutionProperties) = preSolution
		HideSolutionNode = FALSE
	EndGlobalSection
	GlobalSection(NestedProjects) = preSolution
		{BD34B137-22C2-49F9-A963-A34BAE5C352F} = {02EA681E-C7D8-13C7-8484-4AC65E1B71E8}
		{72CD75ED-D708-4B0E-A18F-9E9CBC2B877D} = {37FAA305-ED06-4FD8-8EBF-058E392EE3F9}
		{EF820A6F-D14B-4DB6-A0A8-C468F196D5E1} = {37FAA305-ED06-4FD8-8EBF-058E392EE3F9}
		{734506EB-C00A-47DA-A128-75452972518A} = {7B71BF4D-9826-4818-A9DB-B1CD422A87E0}
		{37FAA305-ED06-4FD8-8EBF-058E392EE3F9} = {02EA681E-C7D8-13C7-8484-4AC65E1B71E8}
		{EEE05562-7183-4992-BEAA-0A40FFCE8D3A} = {734506EB-C00A-47DA-A128-75452972518A}
		{7B137510-CBF0-4288-82E7-5DE0571F7CA5} = {734506EB-C00A-47DA-A128-75452972518A}
		{EA8CDA4F-9E5A-40F2-A6CC-7CD094BC5DCB} = {02EA681E-C7D8-13C7-8484-4AC65E1B71E8}
		{70831387-58FE-4A21-B47B-B6C8E9C0F0F5} = {02EA681E-C7D8-13C7-8484-4AC65E1B71E8}
		{03B2DA9C-B41A-462B-B57C-DE559A28BEF3} = {EA8CDA4F-9E5A-40F2-A6CC-7CD094BC5DCB}
		{7ECE3C66-E414-448C-83FE-B1D670F1B01E} = {70831387-58FE-4A21-B47B-B6C8E9C0F0F5}
		{6A2320CC-EE5D-42CD-A575-9B20C8531AB8} = {02EA681E-C7D8-13C7-8484-4AC65E1B71E8}
		{F854F176-8E81-4F00-A2EA-5D0DF595B562} = {01FDC3CB-2F0B-4F3B-87C9-FC329121988C}
		{A1CCACD1-C24B-4EC9-8845-BEA81DCF2B6D} = {01FDC3CB-2F0B-4F3B-87C9-FC329121988C}
		{C74B81CB-D790-4A39-8E29-6798901F023A} = {A53611F9-D512-4AA2-B788-02391D7153FB}
		{9F9FB861-B3FC-42BD-8634-D9499BF89BE6} = {C74B81CB-D790-4A39-8E29-6798901F023A}
		{CE8A0AA7-97E1-4A37-B14E-0A5D4317AE8A} = {9F9FB861-B3FC-42BD-8634-D9499BF89BE6}
		{01FDC3CB-2F0B-4F3B-87C9-FC329121988C} = {6A2320CC-EE5D-42CD-A575-9B20C8531AB8}
		{ED007DB4-3C24-4190-9E21-6996A8FD1D39} = {6A2320CC-EE5D-42CD-A575-9B20C8531AB8}
		{9D08F117-FB50-E831-4ACA-FD7A463F1106} = {EA8CDA4F-9E5A-40F2-A6CC-7CD094BC5DCB}
		{6B155342-EE97-4425-90B8-5B19BB74B16A} = {ED007DB4-3C24-4190-9E21-6996A8FD1D39}
		{125CE732-94BB-4282-BF63-E22E8D42D1D1} = {7B71BF4D-9826-4818-A9DB-B1CD422A87E0}
		{A72492F7-88BE-430B-97D5-4AADCB08AB75} = {125CE732-94BB-4282-BF63-E22E8D42D1D1}
	EndGlobalSection
	GlobalSection(ExtensibilityGlobals) = postSolution
		SolutionGuid = {E5D3195D-FF3C-4534-A0E7-EF58FAF84539}
	EndGlobalSection
EndGlobal
